
Microsoft Visual Studio Solution File, Format Version 11.00
# Visual Studio 2010
Project("{8BC9CEB8-8B4A-11D0-8D11-00A0C91BC942}") = "encryptUnencrypt", "encryptUnencrypt\encryptUnencrypt.vcxproj", "{D1C7CE24-4391-4B62-A793-093B5B83DE87}"
EndProject
Global
	GlobalSection(SolutionConfigurationPlatforms) = preSolution
		Debug|Win32 = Debug|Win32
		Release|Win32 = Release|Win32
	EndGlobalSection
	GlobalSection(ProjectConfigurationPlatforms) = postSolution
		{D1C7CE24-4391-4B62-A793-093B5B83DE87}.Debug|Win32.ActiveCfg = Debug|Win32
		{D1C7CE24-4391-4B62-A793-093B5B83DE87}.Debug|Win32.Build.0 = Debug|Win32
		{D1C7CE24-4391-4B62-A793-093B5B83DE87}.Release|Win32.ActiveCfg = Release|Win32
		{D1C7CE24-4391-4B62-A793-093B5B83DE87}.Release|Win32.Build.0 = Release|Win32
	EndGlobalSection
	GlobalSection(SolutionProperties) = preSolution
		HideSolutionNode = FALSE
	EndGlobalSection
EndGlobal
