
Microsoft Visual Studio Solution File, Format Version 11.00
# Visual Studio 2010
Project("{8BC9CEB8-8B4A-11D0-8D11-00A0C91BC942}") = "LinkList", "LinkList\LinkList.vcxproj", "{1688A0A2-761B-4FEC-B19E-680B8A5B5AEA}"
EndProject
Global
	GlobalSection(SolutionConfigurationPlatforms) = preSolution
		Debug|Win32 = Debug|Win32
		Release|Win32 = Release|Win32
	EndGlobalSection
	GlobalSection(ProjectConfigurationPlatforms) = postSolution
		{1688A0A2-761B-4FEC-B19E-680B8A5B5AEA}.Debug|Win32.ActiveCfg = Debug|Win32
		{1688A0A2-761B-4FEC-B19E-680B8A5B5AEA}.Debug|Win32.Build.0 = Debug|Win32
		{1688A0A2-761B-4FEC-B19E-680B8A5B5AEA}.Release|Win32.ActiveCfg = Release|Win32
		{1688A0A2-761B-4FEC-B19E-680B8A5B5AEA}.Release|Win32.Build.0 = Release|Win32
	EndGlobalSection
	GlobalSection(SolutionProperties) = preSolution
		HideSolutionNode = FALSE
	EndGlobalSection
EndGlobal
